
Microsoft Visual Studio Solution File, Format Version 12.00
# Visual Studio Version 16
VisualStudioVersion = 16.0.29609.76
MinimumVisualStudioVersion = 10.0.40219.1
Project("{9A19103F-16F7-4668-BE54-9A1E7A4F7556}") = "WebShop", "MyWebProject2\WebShop.csproj", "{29D7E62E-EBCD-4EE8-A58C-6B65BA884152}"
EndProject
Project("{FAE04EC0-301F-11D3-BF4B-00C04F79EFBC}") = "WebShop.Data", "MyWebProject2\WebShop.Data\WebShop.Data.csproj", "{B6F138F2-839A-459A-BE51-C1668F89AFF7}"
EndProject
Project("{FAE04EC0-301F-11D3-BF4B-00C04F79EFBC}") = "Webshop.Service", "MyWebProject2\Webshop.Service\Webshop.Service.csproj", "{CCBE423B-503F-4438-B2EE-6AA8B039F00B}"
EndProject
Global
	GlobalSection(SolutionConfigurationPlatforms) = preSolution
		Debug|Any CPU = Debug|Any CPU
		Release|Any CPU = Release|Any CPU
	EndGlobalSection
	GlobalSection(ProjectConfigurationPlatforms) = postSolution
		{29D7E62E-EBCD-4EE8-A58C-6B65BA884152}.Debug|Any CPU.ActiveCfg = Debug|Any CPU
		{29D7E62E-EBCD-4EE8-A58C-6B65BA884152}.Debug|Any CPU.Build.0 = Debug|Any CPU
		{29D7E62E-EBCD-4EE8-A58C-6B65BA884152}.Release|Any CPU.ActiveCfg = Release|Any CPU
		{29D7E62E-EBCD-4EE8-A58C-6B65BA884152}.Release|Any CPU.Build.0 = Release|Any CPU
		{B6F138F2-839A-459A-BE51-C1668F89AFF7}.Debug|Any CPU.ActiveCfg = Debug|Any CPU
		{B6F138F2-839A-459A-BE51-C1668F89AFF7}.Debug|Any CPU.Build.0 = Debug|Any CPU
		{B6F138F2-839A-459A-BE51-C1668F89AFF7}.Release|Any CPU.ActiveCfg = Release|Any CPU
		{B6F138F2-839A-459A-BE51-C1668F89AFF7}.Release|Any CPU.Build.0 = Release|Any CPU
		{CCBE423B-503F-4438-B2EE-6AA8B039F00B}.Debug|Any CPU.ActiveCfg = Debug|Any CPU
		{CCBE423B-503F-4438-B2EE-6AA8B039F00B}.Debug|Any CPU.Build.0 = Debug|Any CPU
		{CCBE423B-503F-4438-B2EE-6AA8B039F00B}.Release|Any CPU.ActiveCfg = Release|Any CPU
		{CCBE423B-503F-4438-B2EE-6AA8B039F00B}.Release|Any CPU.Build.0 = Release|Any CPU
	EndGlobalSection
	GlobalSection(SolutionProperties) = preSolution
		HideSolutionNode = FALSE
	EndGlobalSection
	GlobalSection(ExtensibilityGlobals) = postSolution
		SolutionGuid = {CF10BD75-9133-4C0A-A3C1-E31735179482}
	EndGlobalSection
EndGlobal
